{
  "name": "htmx-bitbucket-pipelines",
  "version": "1.0.0",
  "lockfileVersion": 1,
  "requires": true,
  "dependencies": {
    "htmx.org": {
      "version": "0.3.0",
      "resolved": "https://registry.npmjs.org/htmx.org/-/htmx.org-0.3.0.tgz",
      "integrity": "sha512-guRiV0ruisEYygB1KrjN9H3fl0kyiI/18Ta/ucfmqTXhtigyaFlco8NAUi24lBQkUZlqGYiafR3CgMeKVTF3ow=="
    }
  }
}
